lockfileVersion: '9.0'

settings:
  autoInstallPeers: true
  excludeLinksFromLockfile: false

importers:

  .:
    dependencies:
      '@bufbuild/protobuf':
        specifier: ^2.2.4
        version: 2.2.4
      '@connectrpc/connect':
        specifier: ^2.0.2
        version: 2.0.2(@bufbuild/protobuf@2.2.4)
      '@connectrpc/connect-web':
        specifier: ^2.0.2
        version: 2.0.2(@bufbuild/protobuf@2.2.4)(@connectrpc/connect@2.0.2(@bufbuild/protobuf@2.2.4))
      '@ikoz/qwop-proto':
        specifier: link:dist
        version: link:dist
    devDependencies:
      '@bufbuild/buf':
        specifier: ^1.50.1
        version: 1.50.1
      '@bufbuild/protoc-gen-es':
        specifier: ^2.2.4
        version: 2.2.4(@bufbuild/protobuf@2.2.4)
      '@connectrpc/protoc-gen-connect-query':
        specifier: ^2.0.1
        version: 2.0.1(@bufbuild/protoc-gen-es@2.2.4(@bufbuild/protobuf@2.2.4))
      '@types/node':
        specifier: ^22.13.10
        version: 22.13.10
      glob:
        specifier: ^11.0.1
        version: 11.0.1
      typescript:
        specifier: ^5.8.2
        version: 5.8.2
      zx:
        specifier: ^8.4.1
        version: 8.4.1

packages:

  '@bufbuild/buf-darwin-arm64@1.50.1':
    resolution: {integrity: sha512-uoRLgqucLP5qLIIDovsHN+7QoeBC0fqfZ1LhwZfNUd95py3ymEOmOFmP0JCbW349a8zmH2HhS5yOySe1yXwP2w==}
    engines: {node: '>=12'}
    cpu: [arm64]
    os: [darwin]

  '@bufbuild/buf-darwin-x64@1.50.1':
    resolution: {integrity: sha512-b5efryjfQ/rTnftcjcbluAJK1bSHCacSK0O/ldMbNQRUwstUieqX/NHIxdQcrorHqW26VppWmQuB88JYxffABw==}
    engines: {node: '>=12'}
    cpu: [x64]
    os: [darwin]

  '@bufbuild/buf-linux-aarch64@1.50.1':
    resolution: {integrity: sha512-ZE3nfVyENkHNV+lZw9ScjmQnPNlzIZrGLYeqFTQllnbUWehvZACTBY8L4ak5eXf6NRyGIksAEuCPnnrht5WigA==}
    engines: {node: '>=12'}
    cpu: [arm64]
    os: [linux]

  '@bufbuild/buf-linux-armv7@1.50.1':
    resolution: {integrity: sha512-Bc/V1ySgFIaTa8sdCEwX3Y4vkyULlDeuUKyqUSSQjiVweeuoxOp8jLwQMFoQCdYFwY02yY0MlNR/mhyowGCt9w==}
    engines: {node: '>=12'}
    cpu: [arm]
    os: [linux]

  '@bufbuild/buf-linux-x64@1.50.1':
    resolution: {integrity: sha512-2aHe+LmsTIaOH3ViH8EcOVx4yStZznJYmZ/NQ/cV5kvD3JAVJv4u5MtTJAd6DDj9BmEhXtjXK9hWtRi7S0vF2w==}
    engines: {node: '>=12'}
    cpu: [x64]
    os: [linux]

  '@bufbuild/buf-win32-arm64@1.50.1':
    resolution: {integrity: sha512-fqNQ9Ke/arleUulnePEyG2+iW2eB6xO6rcVovFY4EorZUTZ/EzrtdmVn87AfWJle3HxcXcIXP0onrcKBrwXUuQ==}
    engines: {node: '>=12'}
    cpu: [arm64]
    os: [win32]

  '@bufbuild/buf-win32-x64@1.50.1':
    resolution: {integrity: sha512-+jd1Dopk24WQtcSgden+dOtGu/OMAuBtnsfkv59pqbCbdZqNCsqrC7VluJ4/5y5PiNcB7hcA26RETkPtkInluA==}
    engines: {node: '>=12'}
    cpu: [x64]
    os: [win32]

  '@bufbuild/buf@1.50.1':
    resolution: {integrity: sha512-KVXBUfKe13STjoSZ9VPzomJUwYnJ01c1b54nJf4a90H/tg0Q/K0z0Wxz0Dr43vuuoDvVHAuBOZPs/XIwSH33IQ==}
    engines: {node: '>=12'}
    hasBin: true

  '@bufbuild/protobuf@2.2.4':
    resolution: {integrity: sha512-P9xQgtMh71TA7tHTnbDe68zcI+TPnkyyfBIhGaUr4iUEIXN7yI01DyjmmdEwXTk5OlISBJYkoxCVj2dwmHqIkA==}

  '@bufbuild/protoc-gen-es@2.2.4':
    resolution: {integrity: sha512-s8hCpjYBCIKTFGfoEdnxIxgZkp3tBtFLz96J82TKNtrOATR5VBj3EPp53/rAG7+I7uguPfcDslO0EZxlzLVtdA==}
    engines: {node: '>=14'}
    hasBin: true
    peerDependencies:
      '@bufbuild/protobuf': 2.2.4
    peerDependenciesMeta:
      '@bufbuild/protobuf':
        optional: true

  '@bufbuild/protoplugin@2.2.4':
    resolution: {integrity: sha512-OGoc31DokbTu6Ev8808oWPPMgBKLdEBTheMYvRK//2jI7E7oSMxPBlFeRTRiRUfhbQ2TvW20SgJwTLDUsNe8Iw==}

  '@connectrpc/connect-web@2.0.2':
    resolution: {integrity: sha512-QANMFPiL2o66BdBEctg4TsQLe5ozsBLqcle3dCBp7BwGlNGTY6NnNnqmt+YRnpeMW88GgomJwWNMGCrRD9pRKA==}
    peerDependencies:
      '@bufbuild/protobuf': ^2.2.0
      '@connectrpc/connect': 2.0.2

  '@connectrpc/connect@2.0.2':
    resolution: {integrity: sha512-xZuylIUNvNlH52e/4eQsZvY4QZyDJRtEFEDnn/yBrv5Xi5ZZI/p8X+GAHH35ucVaBvv9u7OzHZo8+tEh1EFTxA==}
    peerDependencies:
      '@bufbuild/protobuf': ^2.2.0

  '@connectrpc/protoc-gen-connect-query@2.0.1':
    resolution: {integrity: sha512-vbqr11Vg4gV5W5WUoC1/ZGIPU+iMWj8sR/WO6cBFV1bKLluWv4s7UWmbpEYDSUap3RVklRMcr+HZSDqbPgV0Hg==}
    engines: {node: '>=16'}
    hasBin: true
    peerDependencies:
      '@bufbuild/protoc-gen-es': 2.x
    peerDependenciesMeta:
      '@bufbuild/protoc-gen-es':
        optional: true

  '@isaacs/cliui@8.0.2':
    resolution: {integrity: sha512-O8jcjabXaleOG9DQ0+ARXWZBTfnP4WNAqzuiJK7ll44AmxGKv/J2M4TPjxjY3znBCfvBXFzucm1twdyFybFqEA==}
    engines: {node: '>=12'}

  '@types/node@22.13.10':
    resolution: {integrity: sha512-I6LPUvlRH+O6VRUqYOcMudhaIdUVWfsjnZavnsraHvpBwaEyMN29ry+0UVJhImYL16xsscu0aske3yA+uPOWfw==}

  '@typescript/vfs@1.6.1':
    resolution: {integrity: sha512-JwoxboBh7Oz1v38tPbkrZ62ZXNHAk9bJ7c9x0eI5zBfBnBYGhURdbnh7Z4smN/MV48Y5OCcZb58n972UtbazsA==}
    peerDependencies:
      typescript: '*'

  ansi-regex@5.0.1:
    resolution: {integrity: sha512-quJQXlTSUGL2LH9SUXo8VwsY4soanhgo6LNSm84E1LBcE8s3O0wpdiRzyR9z/ZZJMlMWv37qOOb9pdJlMUEKFQ==}
    engines: {node: '>=8'}

  ansi-regex@6.1.0:
    resolution: {integrity: sha512-7HSX4QQb4CspciLpVFwyRe79O3xsIZDDLER21kERQ71oaPodF8jL725AgJMFAYbooIqolJoRLuM81SpeUkpkvA==}
    engines: {node: '>=12'}

  ansi-styles@4.3.0:
    resolution: {integrity: sha512-zbB9rCJAT1rbjiVDb2hqKFHNYLxgtk8NURxZ3IZwD3F6NtxbXZQCnnSi1Lkx+IDohdPlFp222wVALIheZJQSEg==}
    engines: {node: '>=8'}

  ansi-styles@6.2.1:
    resolution: {integrity: sha512-bN798gFfQX+viw3R7yrGWRqnrN2oRkEkUjjl4JNn4E8GxxbjtG3FbrEIIY3l8/hrwUwIeCZvi4QuOTP4MErVug==}
    engines: {node: '>=12'}

  balanced-match@1.0.2:
    resolution: {integrity: sha512-3oSeUO0TMV67hN1AmbXsK4yaqU7tjiHlbxRDZOpH0KW9+CeX4bRAaX0Anxt0tx2MrpRpWwQaPwIlISEJhYU5Pw==}

  brace-expansion@2.0.1:
    resolution: {integrity: sha512-XnAIvQ8eM+kC6aULx6wuQiwVsnzsi9d3WxzV3FpWTGA19F621kwdbsAcFKXgKUHZWsy+mY6iL1sHTxWEFCytDA==}

  color-convert@2.0.1:
    resolution: {integrity: sha512-RRECPsj7iu/xb5oKYcsFHSppFNnsj/52OVTRKb4zP5onXwVF3zVmmToNcOfGC+CRDpfK/U584fMg38ZHCaElKQ==}
    engines: {node: '>=7.0.0'}

  color-name@1.1.4:
    resolution: {integrity: sha512-dOy+3AuW3a2wNbZHIuMZpTcgjGuLU/uBL/ubcZF9OXbDo8ff4O8yVp5Bf0efS8uEoYo5q4Fx7dY9OgQGXgAsQA==}

  cross-spawn@7.0.6:
    resolution: {integrity: sha512-uV2QOWP2nWzsy2aMp8aRibhi9dlzF5Hgh5SHaB9OiTGEyDTiJJyx0uy51QXdyWbtAHNua4XJzUKca3OzKUd3vA==}
    engines: {node: '>= 8'}

  debug@4.4.0:
    resolution: {integrity: sha512-6WTZ/IxCY/T6BALoZHaE4ctp9xm+Z5kY/pzYaCHRFeyVhojxlrm+46y68HA6hr0TcwEssoxNiDEUJQjfPZ/RYA==}
    engines: {node: '>=6.0'}
    peerDependencies:
      supports-color: '*'
    peerDependenciesMeta:
      supports-color:
        optional: true

  eastasianwidth@0.2.0:
    resolution: {integrity: sha512-I88TYZWc9XiYHRQ4/3c5rjjfgkjhLyW2luGIheGERbNQ6OY7yTybanSpDXZa8y7VUP9YmDcYa+eyq4ca7iLqWA==}

  emoji-regex@8.0.0:
    resolution: {integrity: sha512-MSjYzcWNOA0ewAHpz0MxpYFvwg6yjy1NG3xteoqz644VCo/RPgnr1/GGt+ic3iJTzQ8Eu3TdM14SawnVUmGE6A==}

  emoji-regex@9.2.2:
    resolution: {integrity: sha512-L18DaJsXSUk2+42pv8mLs5jJT2hqFkFE4j21wOmgbUqsZ2hL72NsUU785g9RXgo3s0ZNgVl42TiHp3ZtOv/Vyg==}

  foreground-child@3.3.1:
    resolution: {integrity: sha512-gIXjKqtFuWEgzFRJA9WCQeSJLZDjgJUOMCMzxtvFq/37KojM1BFGufqsCy0r4qSQmYLsZYMeyRqzIWOMup03sw==}
    engines: {node: '>=14'}

  glob@11.0.1:
    resolution: {integrity: sha512-zrQDm8XPnYEKawJScsnM0QzobJxlT/kHOOlRTio8IH/GrmxRE5fjllkzdaHclIuNjUQTJYH2xHNIGfdpJkDJUw==}
    engines: {node: 20 || >=22}
    hasBin: true

  is-fullwidth-code-point@3.0.0:
    resolution: {integrity: sha512-zymm5+u+sCsSWyD9qNaejV3DFvhCKclKdizYaJUuHA83RLjb7nSuGnddCHGv0hk+KY7BMAlsWeK4Ueg6EV6XQg==}
    engines: {node: '>=8'}

  isexe@2.0.0:
    resolution: {integrity: sha512-RHxMLp9lnKHGHRng9QFhRCMbYAcVpn69smSGcq3f36xjgVVWThj4qqLbTLlq7Ssj8B+fIQ1EuCEGI2lKsyQeIw==}

  jackspeak@4.1.0:
    resolution: {integrity: sha512-9DDdhb5j6cpeitCbvLO7n7J4IxnbM6hoF6O1g4HQ5TfhvvKN8ywDM7668ZhMHRqVmxqhps/F6syWK2KcPxYlkw==}
    engines: {node: 20 || >=22}

  lru-cache@11.0.2:
    resolution: {integrity: sha512-123qHRfJBmo2jXDbo/a5YOQrJoHF/GNQTLzQ5+IdK5pWpceK17yRc6ozlWd25FxvGKQbIUs91fDFkXmDHTKcyA==}
    engines: {node: 20 || >=22}

  minimatch@10.0.1:
    resolution: {integrity: sha512-ethXTt3SGGR+95gudmqJ1eNhRO7eGEGIgYA9vnPatK4/etz2MEVDno5GMCibdMTuBMyElzIlgxMna3K94XDIDQ==}
    engines: {node: 20 || >=22}

  minipass@7.1.2:
    resolution: {integrity: sha512-qOOzS1cBTWYF4BH8fVePDBOO9iptMnGUEZwNc/cMWnTV2nVLZ7VoNWEPHkYczZA0pdoA7dl6e7FL659nX9S2aw==}
    engines: {node: '>=16 || 14 >=14.17'}

  ms@2.1.3:
    resolution: {integrity: sha512-6FlzubTLZG3J2a/NVCAleEhjzq5oxgHyaCU9yYXvcLsvoVaHJq/s5xXI6/XXP6tz7R9xAOtHnSO/tXtF3WRTlA==}

  package-json-from-dist@1.0.1:
    resolution: {integrity: sha512-UEZIS3/by4OC8vL3P2dTXRETpebLI2NiI5vIrjaD/5UtrkFX/tNbwjTSRAGC/+7CAo2pIcBaRgWmcBBHcsaCIw==}

  path-key@3.1.1:
    resolution: {integrity: sha512-ojmeN0qd+y0jszEtoY48r0Peq5dwMEkIlCOu6Q5f41lfkswXuKtYrhgoTpLnyIcHm24Uhqx+5Tqm2InSwLhE6Q==}
    engines: {node: '>=8'}

  path-scurry@2.0.0:
    resolution: {integrity: sha512-ypGJsmGtdXUOeM5u93TyeIEfEhM6s+ljAhrk5vAvSx8uyY/02OvrZnA0YNGUrPXfpJMgI1ODd3nwz8Npx4O4cg==}
    engines: {node: 20 || >=22}

  shebang-command@2.0.0:
    resolution: {integrity: sha512-kHxr2zZpYtdmrN1qDjrrX/Z1rR1kG8Dx+gkpK1G4eXmvXswmcE1hTWBWYUzlraYw1/yZp6YuDY77YtvbN0dmDA==}
    engines: {node: '>=8'}

  shebang-regex@3.0.0:
    resolution: {integrity: sha512-7++dFhtcx3353uBaq8DDR4NuxBetBzC7ZQOhmTQInHEd6bSrXdiEyzCvG07Z44UYdLShWUyXt5M/yhz8ekcb1A==}
    engines: {node: '>=8'}

  signal-exit@4.1.0:
    resolution: {integrity: sha512-bzyZ1e88w9O1iNJbKnOlvYTrWPDl46O1bG0D3XInv+9tkPrxrN8jUUTiFlDkkmKWgn1M6CfIA13SuGqOa9Korw==}
    engines: {node: '>=14'}

  string-width@4.2.3:
    resolution: {integrity: sha512-wKyQRQpjJ0sIp62ErSZdGsjMJWsap5oRNihHhu6G7JVO/9jIB6UyevL+tXuOqrng8j/cxKTWyWUwvSTriiZz/g==}
    engines: {node: '>=8'}

  string-width@5.1.2:
    resolution: {integrity: sha512-HnLOCR3vjcY8beoNLtcjZ5/nxn2afmME6lhrDrebokqMap+XbeW8n9TXpPDOqdGK5qcI3oT0GKTW6wC7EMiVqA==}
    engines: {node: '>=12'}

  strip-ansi@6.0.1:
    resolution: {integrity: sha512-Y38VPSHcqkFrCpFnQ9vuSXmquuv5oXOKpGeT6aGrr3o3Gc9AlVa6JBfUSOCnbxGGZF+/0ooI7KrPuUSztUdU5A==}
    engines: {node: '>=8'}

  strip-ansi@7.1.0:
    resolution: {integrity: sha512-iq6eVVI64nQQTRYq2KtEg2d2uU7LElhTJwsH4YzIHZshxlgZms/wIc4VoDQTlG/IvVIrBKG06CrZnp0qv7hkcQ==}
    engines: {node: '>=12'}

  typescript@5.4.5:
    resolution: {integrity: sha512-vcI4UpRgg81oIRUFwR0WSIHKt11nJ7SAVlYNIu+QpqeyXP+gpQJy/Z4+F0aGxSE4MqwjyXvW/TzgkLAx2AGHwQ==}
    engines: {node: '>=14.17'}
    hasBin: true

  typescript@5.8.2:
    resolution: {integrity: sha512-aJn6wq13/afZp/jT9QZmwEjDqqvSGp1VT5GVg+f/t6/oVyrgXM6BY1h9BRh/O5p3PlUPAe+WuiEZOmb/49RqoQ==}
    engines: {node: '>=14.17'}
    hasBin: true

  undici-types@6.20.0:
    resolution: {integrity: sha512-Ny6QZ2Nju20vw1SRHe3d9jVu6gJ+4e3+MMpqu7pqE5HT6WsTSlce++GQmK5UXS8mzV8DSYHrQH+Xrf2jVcuKNg==}

  which@2.0.2:
    resolution: {integrity: sha512-BLI3Tl1TW3Pvl70l3yq3Y64i+awpwXqsGBYWkkqMtnbXgrMD+yj7rhW0kuEDxzJaYXGjEW5ogapKNMEKNMjibA==}
    engines: {node: '>= 8'}
    hasBin: true

  wrap-ansi@7.0.0:
    resolution: {integrity: sha512-YVGIj2kamLSTxw6NsZjoBxfSwsn0ycdesmc4p+Q21c5zPuZ1pl+NfxVdxPtdHvmNVOQ6XSYG4AUtyt/Fi7D16Q==}
    engines: {node: '>=10'}

  wrap-ansi@8.1.0:
    resolution: {integrity: sha512-si7QWI6zUMq56bESFvagtmzMdGOtoxfR+Sez11Mobfc7tm+VkUckk9bW2UeffTGVUbOksxmSw0AA2gs8g71NCQ==}
    engines: {node: '>=12'}

  zx@8.4.1:
    resolution: {integrity: sha512-1Cb+Tfwt/daKV6wckBeDbB6h3IMauqj9KWp+EcbYzi9doeJeIHCktxp/yWspXOXRdoUzBCQSKoUgm3g8r9fz5A==}
    engines: {node: '>= 12.17.0'}
    hasBin: true

snapshots:

  '@bufbuild/buf-darwin-arm64@1.50.1':
    optional: true

  '@bufbuild/buf-darwin-x64@1.50.1':
    optional: true

  '@bufbuild/buf-linux-aarch64@1.50.1':
    optional: true

  '@bufbuild/buf-linux-armv7@1.50.1':
    optional: true

  '@bufbuild/buf-linux-x64@1.50.1':
    optional: true

  '@bufbuild/buf-win32-arm64@1.50.1':
    optional: true

  '@bufbuild/buf-win32-x64@1.50.1':
    optional: true

  '@bufbuild/buf@1.50.1':
    optionalDependencies:
      '@bufbuild/buf-darwin-arm64': 1.50.1
      '@bufbuild/buf-darwin-x64': 1.50.1
      '@bufbuild/buf-linux-aarch64': 1.50.1
      '@bufbuild/buf-linux-armv7': 1.50.1
      '@bufbuild/buf-linux-x64': 1.50.1
      '@bufbuild/buf-win32-arm64': 1.50.1
      '@bufbuild/buf-win32-x64': 1.50.1

  '@bufbuild/protobuf@2.2.4': {}

  '@bufbuild/protoc-gen-es@2.2.4(@bufbuild/protobuf@2.2.4)':
    dependencies:
      '@bufbuild/protoplugin': 2.2.4
    optionalDependencies:
      '@bufbuild/protobuf': 2.2.4
    transitivePeerDependencies:
      - supports-color

  '@bufbuild/protoplugin@2.2.4':
    dependencies:
      '@bufbuild/protobuf': 2.2.4
      '@typescript/vfs': 1.6.1(typescript@5.4.5)
      typescript: 5.4.5
    transitivePeerDependencies:
      - supports-color

  '@connectrpc/connect-web@2.0.2(@bufbuild/protobuf@2.2.4)(@connectrpc/connect@2.0.2(@bufbuild/protobuf@2.2.4))':
    dependencies:
      '@bufbuild/protobuf': 2.2.4
      '@connectrpc/connect': 2.0.2(@bufbuild/protobuf@2.2.4)

  '@connectrpc/connect@2.0.2(@bufbuild/protobuf@2.2.4)':
    dependencies:
      '@bufbuild/protobuf': 2.2.4

  '@connectrpc/protoc-gen-connect-query@2.0.1(@bufbuild/protoc-gen-es@2.2.4(@bufbuild/protobuf@2.2.4))':
    dependencies:
      '@bufbuild/protobuf': 2.2.4
      '@bufbuild/protoplugin': 2.2.4
    optionalDependencies:
      '@bufbuild/protoc-gen-es': 2.2.4(@bufbuild/protobuf@2.2.4)
    transitivePeerDependencies:
      - supports-color

  '@isaacs/cliui@8.0.2':
    dependencies:
      string-width: 5.1.2
      string-width-cjs: string-width@4.2.3
      strip-ansi: 7.1.0
      strip-ansi-cjs: strip-ansi@6.0.1
      wrap-ansi: 8.1.0
      wrap-ansi-cjs: wrap-ansi@7.0.0

  '@types/node@22.13.10':
    dependencies:
      undici-types: 6.20.0

  '@typescript/vfs@1.6.1(typescript@5.4.5)':
    dependencies:
      debug: 4.4.0
      typescript: 5.4.5
    transitivePeerDependencies:
      - supports-color

  ansi-regex@5.0.1: {}

  ansi-regex@6.1.0: {}

  ansi-styles@4.3.0:
    dependencies:
      color-convert: 2.0.1

  ansi-styles@6.2.1: {}

  balanced-match@1.0.2: {}

  brace-expansion@2.0.1:
    dependencies:
      balanced-match: 1.0.2

  color-convert@2.0.1:
    dependencies:
      color-name: 1.1.4

  color-name@1.1.4: {}

  cross-spawn@7.0.6:
    dependencies:
      path-key: 3.1.1
      shebang-command: 2.0.0
      which: 2.0.2

  debug@4.4.0:
    dependencies:
      ms: 2.1.3

  eastasianwidth@0.2.0: {}

  emoji-regex@8.0.0: {}

  emoji-regex@9.2.2: {}

  foreground-child@3.3.1:
    dependencies:
      cross-spawn: 7.0.6
      signal-exit: 4.1.0

  glob@11.0.1:
    dependencies:
      foreground-child: 3.3.1
      jackspeak: 4.1.0
      minimatch: 10.0.1
      minipass: 7.1.2
      package-json-from-dist: 1.0.1
      path-scurry: 2.0.0

  is-fullwidth-code-point@3.0.0: {}

  isexe@2.0.0: {}

  jackspeak@4.1.0:
    dependencies:
      '@isaacs/cliui': 8.0.2

  lru-cache@11.0.2: {}

  minimatch@10.0.1:
    dependencies:
      brace-expansion: 2.0.1

  minipass@7.1.2: {}

  ms@2.1.3: {}

  package-json-from-dist@1.0.1: {}

  path-key@3.1.1: {}

  path-scurry@2.0.0:
    dependencies:
      lru-cache: 11.0.2
      minipass: 7.1.2

  shebang-command@2.0.0:
    dependencies:
      shebang-regex: 3.0.0

  shebang-regex@3.0.0: {}

  signal-exit@4.1.0: {}

  string-width@4.2.3:
    dependencies:
      emoji-regex: 8.0.0
      is-fullwidth-code-point: 3.0.0
      strip-ansi: 6.0.1

  string-width@5.1.2:
    dependencies:
      eastasianwidth: 0.2.0
      emoji-regex: 9.2.2
      strip-ansi: 7.1.0

  strip-ansi@6.0.1:
    dependencies:
      ansi-regex: 5.0.1

  strip-ansi@7.1.0:
    dependencies:
      ansi-regex: 6.1.0

  typescript@5.4.5: {}

  typescript@5.8.2: {}

  undici-types@6.20.0: {}

  which@2.0.2:
    dependencies:
      isexe: 2.0.0

  wrap-ansi@7.0.0:
    dependencies:
      ansi-styles: 4.3.0
      string-width: 4.2.3
      strip-ansi: 6.0.1

  wrap-ansi@8.1.0:
    dependencies:
      ansi-styles: 6.2.1
      string-width: 5.1.2
      strip-ansi: 7.1.0

  zx@8.4.1: {}
